{
  "version": 4,
  "terraform_version": "1.3.6",
  "serial": 809,
  "lineage": "1e8804fc-e37f-7257-9ab9-5ea66341b177",
  "outputs": {
    "ssh_key": {
      "value": "-----BEGIN RSA PRIVATE KEY-----\nMIIJKgIBAAKCAgEA0V5y6xfp5imhYyC1UC8HK05n6s4fq28ahi3bO2jBx2J2K2sh\ntvWUMSDbHRRpXJfVG2VYN1dF4rz1KpmX9MaMO4DGD+xspaDskMpqmzlnlCF7DJQR\nldYYz8cQWdQBY7wAgUHFLY58rTYXdLPVavja6ihjnJPvGQqGKfaOpCh6TFd9sIjw\nYv1dMDTiBY+kij5GX86obDNApGPUv1HgM7fKzXzT6lQ47P8Hspy+lNiywSNu+IJj\nmQJkN2VsPLHalY1IEw0sSGatij8ZACaZQfbWYuDR97G2OtnL06XgtYkyhE6XT9w2\nnh3Q9p5xQJWsG8qY0V391fi+ZC1yfmt5tf66IngQ+R1OqQnpSJ7rYkXfe9iYkbP2\np2gEEU7RYp7cWCvQVOdcmUzOQrDuwzXPB59xRR/XqCSb45lK5UhlxVLpXWb/p6/l\nOvQ9MXbIUWA6vuNb8HFl771K5kfmJMwzL1rkBfjAPZfv7P3ILm1Jps6/C2HRa794\nnXVY245/iePlIX9PbefaXmQtryC5OreBbvUyBQJsRUCI1PJrgnsEA4n3m77m0YMv\nPAer340Kpq2PV9KvbHkVpx2pTCd+NK/nDQ2DCp0t6Mj0R6WQyL3n8MJqRo5n0SJo\nQkqLMWBxsciX7MhpzWO6fT+/eTS7Z6SzcUqqXA4tqbKfPOemloMptFw+Ns0CAwEA\nAQKCAgA0sI1BJtKBTubDmJ6ooD0wo9m5GMiVjy9gpzet+s4RjHDqulpQvfreZkNe\nTR265KcH7vhFbRw0VJNqdh7sxe7SprSxmzE4eYgvZBFyIP81IzvhTX4jdC7oU1OF\nF7qFy/Fglhm2Pk6YFK3Qe9Vwx1HobeOrqvsYFTLwapE5NMqaXcZO4BeHAfYqxJRB\nDAY/mC6Du/Fc0YUqGcmXoFZJDa7nCcwXA70Tv5bDV3kK4oIR4wXxWncQMa7g1hBo\nMeYtjtGdocoMKnLwALMc+5nEJQeM+ME+kaWnp9oI2Iz1gqKI83JW8bd5EU3eUr9z\nnnciw1i0D/Bqod/gPCO9NvT5XTKgN4njmTtMLCMbGrvSmC584v1ikYn2MxdBPXn6\nAIM82tz6ZdQ3daOQsQe2SNbRzMXf3GYYgf4uFGD5KOCOEsP0Scw49L8NswKj3z7a\nEPCkQbaY3ppsc8S1Yd/zQMs7S00usaE1AfsXwUZvEdZDwOsZ/T98jO3u03TLcGAN\nuEhVme0YhisKD7fN6fGErXqQe5RE5B0S17E+HGmXdZgHnLWU0i+dtX/tEF0SzFw2\nU3cUkEMFlfeUsfBVStdVY+XSXE6Kyk71odRtJ3bM4LV3QxHB8hnxfLCFnfk7YOd2\nC3CV0d4yE6yYaRvbgREgBP2WjQ/2ojbzEOsGvT2iwmlv4LEdQQKCAQEA5lJGc8WS\nHnmiq1CsTo+5c8IMgum73K3RRJ1tzxlBy9GZhK79gKhUjM2VG9lZaWTfxNgRdzW7\nRMjBZ8ZeDooecGqNkYx/ADy1pQzvZYXWjHj1dLH3H1TS3YCsFztuJa5X6tgJieTw\nGWLbK3SgI8hf+iGbQ2PS+Gm7E9N1cl/GPLToeUUr1SHGvCXZy4ZON+GRTduiKr0m\nRxJpAyKkX0G4DD7IeoQJ0BImQXcvQvRVW8cgbbCeoeE23kyppiRqgE5U3/PDunaJ\nv32HJL+ea0+PwzFJWhEPWUUvJappM/lA1l1Q5uiampPcT3HJ66Yovbq0ja42FI/k\n8a/y0mttEKB9nQKCAQEA6LYoqBf1+c4QL1FNrOojMg/pNwCpd6nwL0fw3Ihg5K1s\n0ULQhuu770GdmdtwWQoauQOkJhnWBnLfuUuGUjOVHNnh9h03iUTnwlqtbwf2Ggc2\n8clj6nMpxfwnkDB0ShQ7CopVYIoVfQibyTkZ3YkeWoRXVMHUweM1MrSta6Mo9zgf\nN5yRFwTd24cPas4pedxTmbaCwcppnlR14b8csPh0NXeAHWVa6SLPLJQ3ZO8LOpyl\nfxdSMCy87viy7ObvsU+binGiyTOEYHr3mSb0yE3Xp89FSwyM2in4kq43eiU9t/dY\ntkVZp6pKsZclVaAwL9Qrhu4p8BNKm6L6LUFuw+Du8QKCAQEAn2wlre78dDG3giNm\nET70nAaeSGNnEJoTtw3NO0N9QopDXA8QE2TwmUGXy14HwKb9KLBybnR3umXHUYCC\nDEhYR3HJqgx4v/5FsQgiEMCyQCtdozeoGTzKdF2jQLV3SYfC/SAqghNAiiHeGNcy\nHXKN1II8iUnoduAgiNmeetuGSPDj1UUm0PD/Ma51caX2MEHnJOA5AKJKg3lfzLbG\n1dSUg41VkVAhxq85YakQwqSDDPLpJGPTebN9GiQwbXrZaRRPNXDycven4y8NQ0eL\nbTX2CaLs5fXXDPCRcN3i0gHeekK/RAWPNh3QqgDWRlGN873vSf5jGpp7WztxtWp8\nZLziFQKCAQEAo9xYZnxwvJSHuvnR6xb273Jaslsp+VPVB0Xt6SuypnMjc3pLoSVu\nsPsQAV2OD3RY+rwAor+AgAv1UuFGVK1zqtwVCxrplyPI2YbGJq+BcDRyUPCRBW5Q\nFNQH+7TSvbLfG/3qPk8c8GzWXWtythauI+iaIdlWeawGMo0cq/U4jFOdT6hUVdQc\ncE764ScH94HX8B2eltxzYIRyeSH8DvTzxw49TPWofQ8AuJApLU5RJtVUh1ghjECE\nTPUb8EpwrvayPFrl2C0JYnJT1CilJkIBv2zoiv7sU1ZIbOh1sfF1MwvdEINmrPPx\nInmeVVu1cohAmgMrzpuW5l5tMN6pIw5I0QKCAQEAlOSUSHA1tzuVaMatSTfJJceP\nEmUwswx/g74rEUp1ipEcDPrw9Y+wPIqz1EOSm7Cmxr+3EkzOA2q3IfAIw9siLRUd\nNcoXUIEg3XOK5qV+iF0MOAti+6ZzeD4txG70ACqgq741jA6IFiVY8tN2x63DOG+n\nlBmsmSaxad7kafP+m/HVsqhX+jTJar/G38v0TBuWoC9J7ctT6tXmvMrnrLp6eV4s\nz62uffKyhdenpSVOnjrtsNGfimpdsb8CPi5exs3+Jbb7JmZraVgz6X0kBbd1mG7u\nFsdhVpjXU1YrIbpizPY5saY1Wt6fV2X+eQ5FQ5x5PV+Hxe6s78E/3HWBtuIZZQ==\n-----END RSA PRIVATE KEY-----\n",
      "type": "string",
      "sensitive": true
    }
  },
  "resources": [
    {
      "mode": "managed",
      "type": "aws_eip",
      "name": "dev-eip",
      "provider": "provider[\"registry.terraform.io/hashicorp/aws\"]",
      "instances": [
        {
          "schema_version": 0,
          "attributes": {
            "address": null,
            "allocation_id": "eipalloc-0423548eed9519944",
            "associate_with_private_ip": null,
            "association_id": "",
            "carrier_ip": "",
            "customer_owned_ip": "",
            "customer_owned_ipv4_pool": "",
            "domain": "vpc",
            "id": "eipalloc-0423548eed9519944",
            "instance": "",
            "network_border_group": "eu-central-1",
            "network_interface": "",
            "private_dns": null,
            "private_ip": "",
            "public_dns": "ec2-3-66-95-37.eu-central-1.compute.amazonaws.com",
            "public_ip": "3.66.95.37",
            "public_ipv4_pool": "amazon",
            "tags": null,
            "tags_all": {},
            "timeouts": null,
            "vpc": true
          },
          "sensitive_attributes": [],
          "private": "eyJlMmJmYjczMC1lY2FhLTExZTYtOGY4OC0zNDM2M2JjN2M0YzAiOnsiZGVsZXRlIjoxODAwMDAwMDAwMDAsInJlYWQiOjkwMDAwMDAwMDAwMCwidXBkYXRlIjozMDAwMDAwMDAwMDB9fQ=="
        }
      ]
    },
    {
      "mode": "managed",
      "type": "aws_iam_instance_profile",
      "name": "iam_s3_profile",
      "provider": "provider[\"registry.terraform.io/hashicorp/aws\"]",
      "instances": [
        {
          "schema_version": 0,
          "attributes": {
            "arn": "arn:aws:iam::936885503454:instance-profile/iam_s3_ec2_profile",
            "create_date": "2022-12-21T18:17:57Z",
            "id": "iam_s3_ec2_profile",
            "name": "iam_s3_ec2_profile",
            "name_prefix": null,
            "path": "/",
            "role": "AllowS3Access",
            "tags": null,
            "tags_all": {},
            "unique_id": "AIPA5UIV2IXPEHG6CUYYR"
          },
          "sensitive_attributes": [],
          "private": "bnVsbA==",
          "dependencies": [
            "aws_iam_role.s3-ec2-role"
          ]
        }
      ]
    },
    {
      "mode": "managed",
      "type": "aws_iam_role",
      "name": "s3-ec2-role",
      "provider": "provider[\"registry.terraform.io/hashicorp/aws\"]",
      "instances": [
        {
          "schema_version": 0,
          "attributes": {
            "arn": "arn:aws:iam::936885503454:role/AllowS3Access",
            "assume_role_policy": "{\"Statement\":[{\"Action\":\"sts:AssumeRole\",\"Effect\":\"Allow\",\"Principal\":{\"Service\":\"ec2.amazonaws.com\"},\"Sid\":\"\"}],\"Version\":\"2012-10-17\"}",
            "create_date": "2022-12-21T18:17:56Z",
            "description": "",
            "force_detach_policies": false,
            "id": "AllowS3Access",
            "inline_policy": [],
            "managed_policy_arns": [],
            "max_session_duration": 3600,
            "name": "AllowS3Access",
            "name_prefix": "",
            "path": "/",
            "permissions_boundary": null,
            "tags": {
              "tag-key": "Allow S3 Access"
            },
            "tags_all": {
              "tag-key": "Allow S3 Access"
            },
            "unique_id": "AROA5UIV2IXPJXZO7SKTP"
          },
          "sensitive_attributes": [],
          "private": "bnVsbA=="
        }
      ]
    },
    {
      "mode": "managed",
      "type": "aws_iam_role_policy",
      "name": "s3_ec2_policy",
      "provider": "provider[\"registry.terraform.io/hashicorp/aws\"]",
      "instances": [
        {
          "schema_version": 0,
          "attributes": {
            "id": "AllowS3Access:s3_ec2_policy",
            "name": "s3_ec2_policy",
            "name_prefix": null,
            "policy": "{\n  \"Version\": \"2012-10-17\",\n  \"Statement\": [\n    {\n      \"Action\": [\n        \"s3:*\"\n      ],\n      \"Effect\": \"Allow\",\n      \"Resource\": \"*\"\n    }\n  ]\n}\n",
            "role": "AllowS3Access"
          },
          "sensitive_attributes": [],
          "private": "bnVsbA==",
          "dependencies": [
            "aws_iam_role.s3-ec2-role"
          ]
        }
      ]
    },
    {
      "mode": "managed",
      "type": "aws_instance",
      "name": "dev-loadbalancer",
      "provider": "provider[\"registry.terraform.io/hashicorp/aws\"]",
      "instances": [
        {
          "schema_version": 1,
          "attributes": {
            "ami": "ami-06ce824c157700cd2",
            "arn": "arn:aws:ec2:eu-central-1:936885503454:instance/i-021951a588119d5b2",
            "associate_public_ip_address": true,
            "availability_zone": "eu-central-1a",
            "capacity_reservation_specification": [
              {
                "capacity_reservation_preference": "open",
                "capacity_reservation_target": []
              }
            ],
            "cpu_core_count": 1,
            "cpu_threads_per_core": 1,
            "credit_specification": [
              {
                "cpu_credits": "standard"
              }
            ],
            "disable_api_stop": false,
            "disable_api_termination": false,
            "ebs_block_device": [],
            "ebs_optimized": false,
            "enclave_options": [
              {
                "enabled": false
              }
            ],
            "ephemeral_block_device": [],
            "get_password_data": false,
            "hibernation": false,
            "host_id": null,
            "host_resource_group_arn": null,
            "iam_instance_profile": "iam_s3_ec2_profile",
            "id": "i-021951a588119d5b2",
            "instance_initiated_shutdown_behavior": "stop",
            "instance_state": "running",
            "instance_type": "t2.micro",
            "ipv6_address_count": 0,
            "ipv6_addresses": [],
            "key_name": "terraform-key-pair",
            "launch_template": [],
            "maintenance_options": [
              {
                "auto_recovery": "default"
              }
            ],
            "metadata_options": [
              {
                "http_endpoint": "enabled",
                "http_put_response_hop_limit": 1,
                "http_tokens": "optional",
                "instance_metadata_tags": "disabled"
              }
            ],
            "monitoring": false,
            "network_interface": [],
            "outpost_arn": "",
            "password_data": "",
            "placement_group": "",
            "placement_partition_number": null,
            "primary_network_interface_id": "eni-0dd95eb3af2412520",
            "private_dns": "ip-10-0-1-50.eu-central-1.compute.internal",
            "private_dns_name_options": [
              {
                "enable_resource_name_dns_a_record": false,
                "enable_resource_name_dns_aaaa_record": false,
                "hostname_type": "ip-name"
              }
            ],
            "private_ip": "10.0.1.50",
            "public_dns": "",
            "public_ip": "18.184.175.255",
            "root_block_device": [
              {
                "delete_on_termination": true,
                "device_name": "/dev/sda1",
                "encrypted": false,
                "iops": 100,
                "kms_key_id": "",
                "tags": {},
                "throughput": 0,
                "volume_id": "vol-0c430fdf2dca8da1d",
                "volume_size": 8,
                "volume_type": "gp2"
              }
            ],
            "secondary_private_ips": [],
            "security_groups": [],
            "source_dest_check": true,
            "subnet_id": "subnet-0bf70ce0cea6c85aa",
            "tags": {
              "Name": "NGX-LB"
            },
            "tags_all": {
              "Name": "NGX-LB"
            },
            "tenancy": "default",
            "timeouts": null,
            "user_data": "3eeb02ac4fe1c26f958324b046b8c02a7e4110de",
            "user_data_base64": null,
            "user_data_replace_on_change": false,
            "volume_tags": null,
            "vpc_security_group_ids": [
              "sg-0b656329e6944cfaa"
            ]
          },
          "sensitive_attributes": [],
          "private": "eyJlMmJmYjczMC1lY2FhLTExZTYtOGY4OC0zNDM2M2JjN2M0YzAiOnsiY3JlYXRlIjo2MDAwMDAwMDAwMDAsImRlbGV0ZSI6MTIwMDAwMDAwMDAwMCwidXBkYXRlIjo2MDAwMDAwMDAwMDB9LCJzY2hlbWFfdmVyc2lvbiI6IjEifQ==",
          "dependencies": [
            "aws_iam_instance_profile.iam_s3_profile",
            "aws_iam_role.s3-ec2-role",
            "aws_security_group.allow_public_web_traffic",
            "aws_subnet.dev-public",
            "aws_vpc.dev-vpc"
          ]
        }
      ]
    },
    {
      "mode": "managed",
      "type": "aws_instance",
      "name": "dev-webserver-1",
      "provider": "provider[\"registry.terraform.io/hashicorp/aws\"]",
      "instances": [
        {
          "schema_version": 1,
          "attributes": {
            "ami": "ami-06ce824c157700cd2",
            "arn": "arn:aws:ec2:eu-central-1:936885503454:instance/i-0ce60df07882f7dd3",
            "associate_public_ip_address": false,
            "availability_zone": "eu-central-1a",
            "capacity_reservation_specification": [
              {
                "capacity_reservation_preference": "open",
                "capacity_reservation_target": []
              }
            ],
            "cpu_core_count": 1,
            "cpu_threads_per_core": 1,
            "credit_specification": [
              {
                "cpu_credits": "standard"
              }
            ],
            "disable_api_stop": false,
            "disable_api_termination": false,
            "ebs_block_device": [],
            "ebs_optimized": false,
            "enclave_options": [
              {
                "enabled": false
              }
            ],
            "ephemeral_block_device": [],
            "get_password_data": false,
            "hibernation": false,
            "host_id": null,
            "host_resource_group_arn": null,
            "iam_instance_profile": "iam_s3_ec2_profile",
            "id": "i-0ce60df07882f7dd3",
            "instance_initiated_shutdown_behavior": "stop",
            "instance_state": "running",
            "instance_type": "t2.micro",
            "ipv6_address_count": 0,
            "ipv6_addresses": [],
            "key_name": "terraform-key-pair",
            "launch_template": [],
            "maintenance_options": [
              {
                "auto_recovery": "default"
              }
            ],
            "metadata_options": [
              {
                "http_endpoint": "enabled",
                "http_put_response_hop_limit": 1,
                "http_tokens": "optional",
                "instance_metadata_tags": "disabled"
              }
            ],
            "monitoring": false,
            "network_interface": [],
            "outpost_arn": "",
            "password_data": "",
            "placement_group": "",
            "placement_partition_number": null,
            "primary_network_interface_id": "eni-0de04d9013dbb7d6f",
            "private_dns": "ip-10-0-2-51.eu-central-1.compute.internal",
            "private_dns_name_options": [
              {
                "enable_resource_name_dns_a_record": false,
                "enable_resource_name_dns_aaaa_record": false,
                "hostname_type": "ip-name"
              }
            ],
            "private_ip": "10.0.2.51",
            "public_dns": "",
            "public_ip": "",
            "root_block_device": [
              {
                "delete_on_termination": true,
                "device_name": "/dev/sda1",
                "encrypted": false,
                "iops": 100,
                "kms_key_id": "",
                "tags": {},
                "throughput": 0,
                "volume_id": "vol-0ae5a5f1e8f0f8450",
                "volume_size": 8,
                "volume_type": "gp2"
              }
            ],
            "secondary_private_ips": [],
            "security_groups": [],
            "source_dest_check": true,
            "subnet_id": "subnet-03e91d95dea7dbb71",
            "tags": {
              "Name": "NGX-WS-1"
            },
            "tags_all": {
              "Name": "NGX-WS-1"
            },
            "tenancy": "default",
            "timeouts": null,
            "user_data": "fafd015e10e30373372fdfb684a993fb7a851a6f",
            "user_data_base64": null,
            "user_data_replace_on_change": false,
            "volume_tags": null,
            "vpc_security_group_ids": [
              "sg-052209e39e6b9ff63"
            ]
          },
          "sensitive_attributes": [],
          "private": "eyJlMmJmYjczMC1lY2FhLTExZTYtOGY4OC0zNDM2M2JjN2M0YzAiOnsiY3JlYXRlIjo2MDAwMDAwMDAwMDAsImRlbGV0ZSI6MTIwMDAwMDAwMDAwMCwidXBkYXRlIjo2MDAwMDAwMDAwMDB9LCJzY2hlbWFfdmVyc2lvbiI6IjEifQ==",
          "dependencies": [
            "aws_iam_instance_profile.iam_s3_profile",
            "aws_iam_role.s3-ec2-role",
            "aws_security_group.allow_private_traffic",
            "aws_subnet.dev-private-1",
            "aws_vpc.dev-vpc"
          ]
        }
      ]
    },
    {
      "mode": "managed",
      "type": "aws_instance",
      "name": "dev-webserver-2",
      "provider": "provider[\"registry.terraform.io/hashicorp/aws\"]",
      "instances": [
        {
          "schema_version": 1,
          "attributes": {
            "ami": "ami-06ce824c157700cd2",
            "arn": "arn:aws:ec2:eu-central-1:936885503454:instance/i-0e464940d91503e22",
            "associate_public_ip_address": false,
            "availability_zone": "eu-central-1a",
            "capacity_reservation_specification": [
              {
                "capacity_reservation_preference": "open",
                "capacity_reservation_target": []
              }
            ],
            "cpu_core_count": 1,
            "cpu_threads_per_core": 1,
            "credit_specification": [
              {
                "cpu_credits": "standard"
              }
            ],
            "disable_api_stop": false,
            "disable_api_termination": false,
            "ebs_block_device": [],
            "ebs_optimized": false,
            "enclave_options": [
              {
                "enabled": false
              }
            ],
            "ephemeral_block_device": [],
            "get_password_data": false,
            "hibernation": false,
            "host_id": null,
            "host_resource_group_arn": null,
            "iam_instance_profile": "iam_s3_ec2_profile",
            "id": "i-0e464940d91503e22",
            "instance_initiated_shutdown_behavior": "stop",
            "instance_state": "running",
            "instance_type": "t2.micro",
            "ipv6_address_count": 0,
            "ipv6_addresses": [],
            "key_name": "terraform-key-pair",
            "launch_template": [],
            "maintenance_options": [
              {
                "auto_recovery": "default"
              }
            ],
            "metadata_options": [
              {
                "http_endpoint": "enabled",
                "http_put_response_hop_limit": 1,
                "http_tokens": "optional",
                "instance_metadata_tags": "disabled"
              }
            ],
            "monitoring": false,
            "network_interface": [],
            "outpost_arn": "",
            "password_data": "",
            "placement_group": "",
            "placement_partition_number": null,
            "primary_network_interface_id": "eni-06cae561ec6c8b11c",
            "private_dns": "ip-10-0-2-52.eu-central-1.compute.internal",
            "private_dns_name_options": [
              {
                "enable_resource_name_dns_a_record": false,
                "enable_resource_name_dns_aaaa_record": false,
                "hostname_type": "ip-name"
              }
            ],
            "private_ip": "10.0.2.52",
            "public_dns": "",
            "public_ip": "",
            "root_block_device": [
              {
                "delete_on_termination": true,
                "device_name": "/dev/sda1",
                "encrypted": false,
                "iops": 100,
                "kms_key_id": "",
                "tags": {},
                "throughput": 0,
                "volume_id": "vol-0a45737677079941d",
                "volume_size": 8,
                "volume_type": "gp2"
              }
            ],
            "secondary_private_ips": [],
            "security_groups": [],
            "source_dest_check": true,
            "subnet_id": "subnet-03e91d95dea7dbb71",
            "tags": {
              "Name": "NGX-WS-2"
            },
            "tags_all": {
              "Name": "NGX-WS-2"
            },
            "tenancy": "default",
            "timeouts": null,
            "user_data": "fafd015e10e30373372fdfb684a993fb7a851a6f",
            "user_data_base64": null,
            "user_data_replace_on_change": false,
            "volume_tags": null,
            "vpc_security_group_ids": [
              "sg-052209e39e6b9ff63"
            ]
          },
          "sensitive_attributes": [],
          "private": "eyJlMmJmYjczMC1lY2FhLTExZTYtOGY4OC0zNDM2M2JjN2M0YzAiOnsiY3JlYXRlIjo2MDAwMDAwMDAwMDAsImRlbGV0ZSI6MTIwMDAwMDAwMDAwMCwidXBkYXRlIjo2MDAwMDAwMDAwMDB9LCJzY2hlbWFfdmVyc2lvbiI6IjEifQ==",
          "dependencies": [
            "aws_iam_instance_profile.iam_s3_profile",
            "aws_iam_role.s3-ec2-role",
            "aws_security_group.allow_private_traffic",
            "aws_subnet.dev-private-1",
            "aws_vpc.dev-vpc"
          ]
        }
      ]
    },
    {
      "mode": "managed",
      "type": "aws_instance",
      "name": "dev-webserver-3",
      "provider": "provider[\"registry.terraform.io/hashicorp/aws\"]",
      "instances": [
        {
          "schema_version": 1,
          "attributes": {
            "ami": "ami-06ce824c157700cd2",
            "arn": "arn:aws:ec2:eu-central-1:936885503454:instance/i-09ad1aab5d97afce0",
            "associate_public_ip_address": false,
            "availability_zone": "eu-central-1a",
            "capacity_reservation_specification": [
              {
                "capacity_reservation_preference": "open",
                "capacity_reservation_target": []
              }
            ],
            "cpu_core_count": 1,
            "cpu_threads_per_core": 1,
            "credit_specification": [
              {
                "cpu_credits": "standard"
              }
            ],
            "disable_api_stop": false,
            "disable_api_termination": false,
            "ebs_block_device": [],
            "ebs_optimized": false,
            "enclave_options": [
              {
                "enabled": false
              }
            ],
            "ephemeral_block_device": [],
            "get_password_data": false,
            "hibernation": false,
            "host_id": null,
            "host_resource_group_arn": null,
            "iam_instance_profile": "iam_s3_ec2_profile",
            "id": "i-09ad1aab5d97afce0",
            "instance_initiated_shutdown_behavior": "stop",
            "instance_state": "running",
            "instance_type": "t2.micro",
            "ipv6_address_count": 0,
            "ipv6_addresses": [],
            "key_name": "terraform-key-pair",
            "launch_template": [],
            "maintenance_options": [
              {
                "auto_recovery": "default"
              }
            ],
            "metadata_options": [
              {
                "http_endpoint": "enabled",
                "http_put_response_hop_limit": 1,
                "http_tokens": "optional",
                "instance_metadata_tags": "disabled"
              }
            ],
            "monitoring": false,
            "network_interface": [],
            "outpost_arn": "",
            "password_data": "",
            "placement_group": "",
            "placement_partition_number": null,
            "primary_network_interface_id": "eni-091379356b13439b7",
            "private_dns": "ip-10-0-2-53.eu-central-1.compute.internal",
            "private_dns_name_options": [
              {
                "enable_resource_name_dns_a_record": false,
                "enable_resource_name_dns_aaaa_record": false,
                "hostname_type": "ip-name"
              }
            ],
            "private_ip": "10.0.2.53",
            "public_dns": "",
            "public_ip": "",
            "root_block_device": [
              {
                "delete_on_termination": true,
                "device_name": "/dev/sda1",
                "encrypted": false,
                "iops": 100,
                "kms_key_id": "",
                "tags": {},
                "throughput": 0,
                "volume_id": "vol-046cc45bf84bb5426",
                "volume_size": 8,
                "volume_type": "gp2"
              }
            ],
            "secondary_private_ips": [],
            "security_groups": [],
            "source_dest_check": true,
            "subnet_id": "subnet-03e91d95dea7dbb71",
            "tags": {
              "Name": "NGX-WS-3"
            },
            "tags_all": {
              "Name": "NGX-WS-3"
            },
            "tenancy": "default",
            "timeouts": null,
            "user_data": "fafd015e10e30373372fdfb684a993fb7a851a6f",
            "user_data_base64": null,
            "user_data_replace_on_change": false,
            "volume_tags": null,
            "vpc_security_group_ids": [
              "sg-052209e39e6b9ff63"
            ]
          },
          "sensitive_attributes": [],
          "private": "eyJlMmJmYjczMC1lY2FhLTExZTYtOGY4OC0zNDM2M2JjN2M0YzAiOnsiY3JlYXRlIjo2MDAwMDAwMDAwMDAsImRlbGV0ZSI6MTIwMDAwMDAwMDAwMCwidXBkYXRlIjo2MDAwMDAwMDAwMDB9LCJzY2hlbWFfdmVyc2lvbiI6IjEifQ==",
          "dependencies": [
            "aws_iam_instance_profile.iam_s3_profile",
            "aws_iam_role.s3-ec2-role",
            "aws_security_group.allow_private_traffic",
            "aws_subnet.dev-private-1",
            "aws_vpc.dev-vpc"
          ]
        }
      ]
    },
    {
      "mode": "managed",
      "type": "aws_internet_gateway",
      "name": "dev-igw",
      "provider": "provider[\"registry.terraform.io/hashicorp/aws\"]",
      "instances": [
        {
          "schema_version": 0,
          "attributes": {
            "arn": "arn:aws:ec2:eu-central-1:936885503454:internet-gateway/igw-03c538680a80e4890",
            "id": "igw-03c538680a80e4890",
            "owner_id": "936885503454",
            "tags": {
              "Name": "DEV-IGW"
            },
            "tags_all": {
              "Name": "DEV-IGW"
            },
            "timeouts": null,
            "vpc_id": "vpc-01a5777238bedf4c2"
          },
          "sensitive_attributes": [],
          "private": "eyJlMmJmYjczMC1lY2FhLTExZTYtOGY4OC0zNDM2M2JjN2M0YzAiOnsiY3JlYXRlIjoxMjAwMDAwMDAwMDAwLCJkZWxldGUiOjEyMDAwMDAwMDAwMDAsInVwZGF0ZSI6MTIwMDAwMDAwMDAwMH19",
          "dependencies": [
            "aws_vpc.dev-vpc"
          ]
        }
      ]
    },
    {
      "mode": "managed",
      "type": "aws_key_pair",
      "name": "generated_key",
      "provider": "provider[\"registry.terraform.io/hashicorp/aws\"]",
      "instances": [
        {
          "schema_version": 1,
          "attributes": {
            "arn": "arn:aws:ec2:eu-central-1:936885503454:key-pair/terraform-key-pair",
            "fingerprint": "0d:f3:8e:cf:d0:ed:3b:1e:11:96:31:ed:80:8f:cf:7e",
            "id": "terraform-key-pair",
            "key_name": "terraform-key-pair",
            "key_name_prefix": "",
            "key_pair_id": "key-03d9070cecf6aac8c",
            "key_type": "rsa",
            "public_key": "ssh-rsa AAAAB3NzaC1yc2EAAAADAQABAAACAQDRXnLrF+nmKaFjILVQLwcrTmfqzh+rbxqGLds7aMHHYnYrayG29ZQxINsdFGlcl9UbZVg3V0XivPUqmZf0xow7gMYP7GyloOyQymqbOWeUIXsMlBGV1hjPxxBZ1AFjvACBQcUtjnytNhd0s9Vq+NrqKGOck+8ZCoYp9o6kKHpMV32wiPBi/V0wNOIFj6SKPkZfzqhsM0CkY9S/UeAzt8rNfNPqVDjs/weynL6U2LLBI274gmOZAmQ3ZWw8sdqVjUgTDSxIZq2KPxkAJplB9tZi4NH3sbY62cvTpeC1iTKETpdP3DaeHdD2nnFAlawbypjRXf3V+L5kLXJ+a3m1/roieBD5HU6pCelInutiRd972JiRs/anaAQRTtFintxYK9BU51yZTM5CsO7DNc8Hn3FFH9eoJJvjmUrlSGXFUuldZv+nr+U69D0xdshRYDq+41vwcWXvvUrmR+YkzDMvWuQF+MA9l+/s/cgubUmmzr8LYdFrv3iddVjbjn+J4+Uhf09t59peZC2vILk6t4Fu9TIFAmxFQIjU8muCewQDifebvubRgy88B6vfjQqmrY9X0q9seRWnHalMJ340r+cNDYMKnS3oyPRHpZDIvefwwmpGjmfRImhCSosxYHGxyJfsyGnNY7p9P795NLtnpLNxSqpcDi2psp8856aWgym0XD42zQ==",
            "tags": null,
            "tags_all": {}
          },
          "sensitive_attributes": [],
          "private": "eyJzY2hlbWFfdmVyc2lvbiI6IjEifQ==",
          "dependencies": [
            "tls_private_key.dev_key"
          ]
        }
      ]
    },
    {
      "mode": "managed",
      "type": "aws_nat_gateway",
      "name": "public-nat-gateway",
      "provider": "provider[\"registry.terraform.io/hashicorp/aws\"]",
      "instances": [
        {
          "schema_version": 0,
          "attributes": {
            "allocation_id": "eipalloc-0423548eed9519944",
            "connectivity_type": "public",
            "id": "nat-0f5d9e0744b566478",
            "network_interface_id": "eni-0edc96c1c5fd88984",
            "private_ip": "10.0.1.172",
            "public_ip": "3.66.95.37",
            "subnet_id": "subnet-0bf70ce0cea6c85aa",
            "tags": {
              "Name": "Private-NAT-Gateway"
            },
            "tags_all": {
              "Name": "Private-NAT-Gateway"
            }
          },
          "sensitive_attributes": [],
          "private": "bnVsbA==",
          "dependencies": [
            "aws_eip.dev-eip",
            "aws_internet_gateway.dev-igw",
            "aws_subnet.dev-public",
            "aws_vpc.dev-vpc"
          ]
        }
      ]
    },
    {
      "mode": "managed",
      "type": "aws_route_table",
      "name": "dev-public-rt",
      "provider": "provider[\"registry.terraform.io/hashicorp/aws\"]",
      "instances": [
        {
          "schema_version": 0,
          "attributes": {
            "arn": "arn:aws:ec2:eu-central-1:936885503454:route-table/rtb-00ec27012072e2532",
            "id": "rtb-00ec27012072e2532",
            "owner_id": "936885503454",
            "propagating_vgws": [],
            "route": [
              {
                "carrier_gateway_id": "",
                "cidr_block": "0.0.0.0/0",
                "core_network_arn": "",
                "destination_prefix_list_id": "",
                "egress_only_gateway_id": "",
                "gateway_id": "igw-03c538680a80e4890",
                "instance_id": "",
                "ipv6_cidr_block": "",
                "local_gateway_id": "",
                "nat_gateway_id": "",
                "network_interface_id": "",
                "transit_gateway_id": "",
                "vpc_endpoint_id": "",
                "vpc_peering_connection_id": ""
              }
            ],
            "tags": {
              "Name": "dev-public-rt"
            },
            "tags_all": {
              "Name": "dev-public-rt"
            },
            "timeouts": null,
            "vpc_id": "vpc-01a5777238bedf4c2"
          },
          "sensitive_attributes": [],
          "private": "eyJlMmJmYjczMC1lY2FhLTExZTYtOGY4OC0zNDM2M2JjN2M0YzAiOnsiY3JlYXRlIjozMDAwMDAwMDAwMDAsImRlbGV0ZSI6MzAwMDAwMDAwMDAwLCJ1cGRhdGUiOjEyMDAwMDAwMDAwMH19",
          "dependencies": [
            "aws_internet_gateway.dev-igw",
            "aws_vpc.dev-vpc"
          ]
        }
      ]
    },
    {
      "mode": "managed",
      "type": "aws_route_table",
      "name": "nat_gateway",
      "provider": "provider[\"registry.terraform.io/hashicorp/aws\"]",
      "instances": [
        {
          "schema_version": 0,
          "attributes": {
            "arn": "arn:aws:ec2:eu-central-1:936885503454:route-table/rtb-0f8e8bb2178f7b8a4",
            "id": "rtb-0f8e8bb2178f7b8a4",
            "owner_id": "936885503454",
            "propagating_vgws": [],
            "route": [
              {
                "carrier_gateway_id": "",
                "cidr_block": "0.0.0.0/0",
                "core_network_arn": "",
                "destination_prefix_list_id": "",
                "egress_only_gateway_id": "",
                "gateway_id": "nat-0f5d9e0744b566478",
                "instance_id": "",
                "ipv6_cidr_block": "",
                "local_gateway_id": "",
                "nat_gateway_id": "",
                "network_interface_id": "",
                "transit_gateway_id": "",
                "vpc_endpoint_id": "",
                "vpc_peering_connection_id": ""
              }
            ],
            "tags": {
              "Name": "dev-nat-rt"
            },
            "tags_all": {
              "Name": "dev-nat-rt"
            },
            "timeouts": null,
            "vpc_id": "vpc-01a5777238bedf4c2"
          },
          "sensitive_attributes": [],
          "private": "eyJlMmJmYjczMC1lY2FhLTExZTYtOGY4OC0zNDM2M2JjN2M0YzAiOnsiY3JlYXRlIjozMDAwMDAwMDAwMDAsImRlbGV0ZSI6MzAwMDAwMDAwMDAwLCJ1cGRhdGUiOjEyMDAwMDAwMDAwMH19",
          "dependencies": [
            "aws_eip.dev-eip",
            "aws_internet_gateway.dev-igw",
            "aws_nat_gateway.public-nat-gateway",
            "aws_subnet.dev-public",
            "aws_vpc.dev-vpc"
          ]
        }
      ]
    },
    {
      "mode": "managed",
      "type": "aws_route_table_association",
      "name": "a",
      "provider": "provider[\"registry.terraform.io/hashicorp/aws\"]",
      "instances": [
        {
          "schema_version": 0,
          "attributes": {
            "gateway_id": "",
            "id": "rtbassoc-00dcaa79ee84b8aec",
            "route_table_id": "rtb-00ec27012072e2532",
            "subnet_id": "subnet-0bf70ce0cea6c85aa"
          },
          "sensitive_attributes": [],
          "private": "bnVsbA==",
          "dependencies": [
            "aws_internet_gateway.dev-igw",
            "aws_route_table.dev-public-rt",
            "aws_subnet.dev-public",
            "aws_vpc.dev-vpc"
          ]
        }
      ]
    },
    {
      "mode": "managed",
      "type": "aws_route_table_association",
      "name": "nat_gateway",
      "provider": "provider[\"registry.terraform.io/hashicorp/aws\"]",
      "instances": [
        {
          "schema_version": 0,
          "attributes": {
            "gateway_id": "",
            "id": "rtbassoc-0836dafc1f0f557b8",
            "route_table_id": "rtb-0f8e8bb2178f7b8a4",
            "subnet_id": "subnet-03e91d95dea7dbb71"
          },
          "sensitive_attributes": [],
          "private": "bnVsbA==",
          "dependencies": [
            "aws_eip.dev-eip",
            "aws_internet_gateway.dev-igw",
            "aws_nat_gateway.public-nat-gateway",
            "aws_route_table.nat_gateway",
            "aws_subnet.dev-private-1",
            "aws_subnet.dev-public",
            "aws_vpc.dev-vpc"
          ]
        }
      ]
    },
    {
      "mode": "managed",
      "type": "aws_s3_bucket",
      "name": "whyarebucketnamesalwaystaken-bucket",
      "provider": "provider[\"registry.terraform.io/hashicorp/aws\"]",
      "instances": [
        {
          "schema_version": 0,
          "attributes": {
            "acceleration_status": "",
            "acl": null,
            "arn": "arn:aws:s3:::whyarebucketnamesalwaystaken-bucket",
            "bucket": "whyarebucketnamesalwaystaken-bucket",
            "bucket_domain_name": "whyarebucketnamesalwaystaken-bucket.s3.amazonaws.com",
            "bucket_prefix": null,
            "bucket_regional_domain_name": "whyarebucketnamesalwaystaken-bucket.s3.eu-central-1.amazonaws.com",
            "cors_rule": [],
            "force_destroy": false,
            "grant": [
              {
                "id": "2151add251c20d197767b03df6581dcc9b4bf90d9cba034a85c493d9510af1b7",
                "permissions": [
                  "FULL_CONTROL"
                ],
                "type": "CanonicalUser",
                "uri": ""
              }
            ],
            "hosted_zone_id": "Z21DNDUVLTQW6Q",
            "id": "whyarebucketnamesalwaystaken-bucket",
            "lifecycle_rule": [],
            "logging": [],
            "object_lock_configuration": [],
            "object_lock_enabled": false,
            "policy": "",
            "region": "eu-central-1",
            "replication_configuration": [],
            "request_payer": "BucketOwner",
            "server_side_encryption_configuration": [],
            "tags": {
              "Environment": "Dev",
              "Name": "DEV-BUCKET"
            },
            "tags_all": {
              "Environment": "Dev",
              "Name": "DEV-BUCKET"
            },
            "timeouts": null,
            "versioning": [
              {
                "enabled": false,
                "mfa_delete": false
              }
            ],
            "website": [],
            "website_domain": null,
            "website_endpoint": null
          },
          "sensitive_attributes": [],
          "private": "eyJlMmJmYjczMC1lY2FhLTExZTYtOGY4OC0zNDM2M2JjN2M0YzAiOnsiY3JlYXRlIjoxMjAwMDAwMDAwMDAwLCJkZWxldGUiOjM2MDAwMDAwMDAwMDAsInJlYWQiOjEyMDAwMDAwMDAwMDAsInVwZGF0ZSI6MTIwMDAwMDAwMDAwMH19"
        }
      ]
    },
    {
      "mode": "managed",
      "type": "aws_s3_bucket_acl",
      "name": "bucket_acl",
      "provider": "provider[\"registry.terraform.io/hashicorp/aws\"]",
      "instances": [
        {
          "schema_version": 0,
          "attributes": {
            "access_control_policy": [
              {
                "grant": [
                  {
                    "grantee": [
                      {
                        "display_name": "",
                        "email_address": "",
                        "id": "2151add251c20d197767b03df6581dcc9b4bf90d9cba034a85c493d9510af1b7",
                        "type": "CanonicalUser",
                        "uri": ""
                      }
                    ],
                    "permission": "FULL_CONTROL"
                  }
                ],
                "owner": [
                  {
                    "display_name": "",
                    "id": "2151add251c20d197767b03df6581dcc9b4bf90d9cba034a85c493d9510af1b7"
                  }
                ]
              }
            ],
            "acl": "private",
            "bucket": "whyarebucketnamesalwaystaken-bucket",
            "expected_bucket_owner": "",
            "id": "whyarebucketnamesalwaystaken-bucket,private"
          },
          "sensitive_attributes": [],
          "private": "bnVsbA==",
          "dependencies": [
            "aws_s3_bucket.whyarebucketnamesalwaystaken-bucket"
          ]
        }
      ]
    },
    {
      "mode": "managed",
      "type": "aws_s3_object",
      "name": "object1",
      "provider": "provider[\"registry.terraform.io/hashicorp/aws\"]",
      "instances": [
        {
          "index_key": "index.php",
          "schema_version": 0,
          "attributes": {
            "acl": "private",
            "bucket": "whyarebucketnamesalwaystaken-bucket",
            "bucket_key_enabled": false,
            "cache_control": "",
            "content": null,
            "content_base64": null,
            "content_disposition": "",
            "content_encoding": "",
            "content_language": "",
            "content_type": "binary/octet-stream",
            "etag": "ef7bbb5e54ebe69a7ad33966ada1ed49",
            "force_destroy": false,
            "id": "index.php",
            "key": "index.php",
            "kms_key_id": null,
            "metadata": null,
            "object_lock_legal_hold_status": "",
            "object_lock_mode": "",
            "object_lock_retain_until_date": "",
            "server_side_encryption": "",
            "source": "s3-files/index.php",
            "source_hash": null,
            "storage_class": "STANDARD",
            "tags": null,
            "tags_all": {},
            "version_id": "",
            "website_redirect": ""
          },
          "sensitive_attributes": [],
          "private": "bnVsbA==",
          "dependencies": [
            "aws_s3_bucket.whyarebucketnamesalwaystaken-bucket"
          ]
        },
        {
          "index_key": "load-balancer.conf",
          "schema_version": 0,
          "attributes": {
            "acl": "private",
            "bucket": "whyarebucketnamesalwaystaken-bucket",
            "bucket_key_enabled": false,
            "cache_control": "",
            "content": null,
            "content_base64": null,
            "content_disposition": "",
            "content_encoding": "",
            "content_language": "",
            "content_type": "binary/octet-stream",
            "etag": "2dbe2e1fd23b9cbdbc88f1c1eb84262d",
            "force_destroy": false,
            "id": "load-balancer.conf",
            "key": "load-balancer.conf",
            "kms_key_id": null,
            "metadata": null,
            "object_lock_legal_hold_status": "",
            "object_lock_mode": "",
            "object_lock_retain_until_date": "",
            "server_side_encryption": "",
            "source": "s3-files/load-balancer.conf",
            "source_hash": null,
            "storage_class": "STANDARD",
            "tags": null,
            "tags_all": {},
            "version_id": "",
            "website_redirect": ""
          },
          "sensitive_attributes": [],
          "private": "bnVsbA==",
          "dependencies": [
            "aws_s3_bucket.whyarebucketnamesalwaystaken-bucket"
          ]
        },
        {
          "index_key": "nginx.conf",
          "schema_version": 0,
          "attributes": {
            "acl": "private",
            "bucket": "whyarebucketnamesalwaystaken-bucket",
            "bucket_key_enabled": false,
            "cache_control": "",
            "content": null,
            "content_base64": null,
            "content_disposition": "",
            "content_encoding": "",
            "content_language": "",
            "content_type": "binary/octet-stream",
            "etag": "ee32728039cd759163abc55d295176d2",
            "force_destroy": false,
            "id": "nginx.conf",
            "key": "nginx.conf",
            "kms_key_id": null,
            "metadata": null,
            "object_lock_legal_hold_status": "",
            "object_lock_mode": "",
            "object_lock_retain_until_date": "",
            "server_side_encryption": "",
            "source": "s3-files/nginx.conf",
            "source_hash": null,
            "storage_class": "STANDARD",
            "tags": null,
            "tags_all": {},
            "version_id": "",
            "website_redirect": ""
          },
          "sensitive_attributes": [],
          "private": "bnVsbA==",
          "dependencies": [
            "aws_s3_bucket.whyarebucketnamesalwaystaken-bucket"
          ]
        }
      ]
    },
    {
      "mode": "managed",
      "type": "aws_security_group",
      "name": "allow_private_traffic",
      "provider": "provider[\"registry.terraform.io/hashicorp/aws\"]",
      "instances": [
        {
          "schema_version": 1,
          "attributes": {
            "arn": "arn:aws:ec2:eu-central-1:936885503454:security-group/sg-052209e39e6b9ff63",
            "description": "Allow inbound traffic only from the public subnet",
            "egress": [
              {
                "cidr_blocks": [
                  "0.0.0.0/0"
                ],
                "description": "",
                "from_port": 0,
                "ipv6_cidr_blocks": [],
                "prefix_list_ids": [],
                "protocol": "-1",
                "security_groups": [],
                "self": false,
                "to_port": 0
              }
            ],
            "id": "sg-052209e39e6b9ff63",
            "ingress": [
              {
                "cidr_blocks": [
                  "10.0.1.0/24"
                ],
                "description": "HTTP",
                "from_port": 80,
                "ipv6_cidr_blocks": [],
                "prefix_list_ids": [],
                "protocol": "tcp",
                "security_groups": [],
                "self": false,
                "to_port": 80
              },
              {
                "cidr_blocks": [
                  "10.0.1.0/24"
                ],
                "description": "HTTPS",
                "from_port": 443,
                "ipv6_cidr_blocks": [],
                "prefix_list_ids": [],
                "protocol": "tcp",
                "security_groups": [],
                "self": false,
                "to_port": 443
              },
              {
                "cidr_blocks": [
                  "10.0.1.0/24"
                ],
                "description": "ICMP",
                "from_port": -1,
                "ipv6_cidr_blocks": [],
                "prefix_list_ids": [],
                "protocol": "icmp",
                "security_groups": [],
                "self": false,
                "to_port": -1
              },
              {
                "cidr_blocks": [
                  "10.0.1.0/24"
                ],
                "description": "SSH",
                "from_port": 22,
                "ipv6_cidr_blocks": [],
                "prefix_list_ids": [],
                "protocol": "tcp",
                "security_groups": [],
                "self": false,
                "to_port": 22
              }
            ],
            "name": "private_inbound_traffic",
            "name_prefix": "",
            "owner_id": "936885503454",
            "revoke_rules_on_delete": false,
            "tags": {
              "Name": "dev-private-sg"
            },
            "tags_all": {
              "Name": "dev-private-sg"
            },
            "timeouts": null,
            "vpc_id": "vpc-01a5777238bedf4c2"
          },
          "sensitive_attributes": [],
          "private": "eyJlMmJmYjczMC1lY2FhLTExZTYtOGY4OC0zNDM2M2JjN2M0YzAiOnsiY3JlYXRlIjo2MDAwMDAwMDAwMDAsImRlbGV0ZSI6OTAwMDAwMDAwMDAwfSwic2NoZW1hX3ZlcnNpb24iOiIxIn0=",
          "dependencies": [
            "aws_vpc.dev-vpc"
          ]
        }
      ]
    },
    {
      "mode": "managed",
      "type": "aws_security_group",
      "name": "allow_public_web_traffic",
      "provider": "provider[\"registry.terraform.io/hashicorp/aws\"]",
      "instances": [
        {
          "schema_version": 1,
          "attributes": {
            "arn": "arn:aws:ec2:eu-central-1:936885503454:security-group/sg-0b656329e6944cfaa",
            "description": "Allow inbound traffic from the internet",
            "egress": [
              {
                "cidr_blocks": [
                  "0.0.0.0/0"
                ],
                "description": "",
                "from_port": 0,
                "ipv6_cidr_blocks": [
                  "::/0"
                ],
                "prefix_list_ids": [],
                "protocol": "-1",
                "security_groups": [],
                "self": false,
                "to_port": 0
              }
            ],
            "id": "sg-0b656329e6944cfaa",
            "ingress": [
              {
                "cidr_blocks": [
                  "0.0.0.0/0"
                ],
                "description": "HTTP",
                "from_port": 80,
                "ipv6_cidr_blocks": [
                  "::/0"
                ],
                "prefix_list_ids": [],
                "protocol": "tcp",
                "security_groups": [],
                "self": false,
                "to_port": 80
              },
              {
                "cidr_blocks": [
                  "0.0.0.0/0"
                ],
                "description": "HTTPS",
                "from_port": 443,
                "ipv6_cidr_blocks": [
                  "::/0"
                ],
                "prefix_list_ids": [],
                "protocol": "tcp",
                "security_groups": [],
                "self": false,
                "to_port": 443
              },
              {
                "cidr_blocks": [
                  "0.0.0.0/0"
                ],
                "description": "SSH",
                "from_port": 22,
                "ipv6_cidr_blocks": [
                  "::/0"
                ],
                "prefix_list_ids": [],
                "protocol": "tcp",
                "security_groups": [],
                "self": false,
                "to_port": 22
              }
            ],
            "name": "public_inbound_traffic",
            "name_prefix": "",
            "owner_id": "936885503454",
            "revoke_rules_on_delete": false,
            "tags": {
              "Name": "dev-public-sg"
            },
            "tags_all": {
              "Name": "dev-public-sg"
            },
            "timeouts": null,
            "vpc_id": "vpc-01a5777238bedf4c2"
          },
          "sensitive_attributes": [],
          "private": "eyJlMmJmYjczMC1lY2FhLTExZTYtOGY4OC0zNDM2M2JjN2M0YzAiOnsiY3JlYXRlIjo2MDAwMDAwMDAwMDAsImRlbGV0ZSI6OTAwMDAwMDAwMDAwfSwic2NoZW1hX3ZlcnNpb24iOiIxIn0=",
          "dependencies": [
            "aws_vpc.dev-vpc"
          ]
        }
      ]
    },
    {
      "mode": "managed",
      "type": "aws_subnet",
      "name": "dev-private-1",
      "provider": "provider[\"registry.terraform.io/hashicorp/aws\"]",
      "instances": [
        {
          "schema_version": 1,
          "attributes": {
            "arn": "arn:aws:ec2:eu-central-1:936885503454:subnet/subnet-03e91d95dea7dbb71",
            "assign_ipv6_address_on_creation": false,
            "availability_zone": "eu-central-1a",
            "availability_zone_id": "euc1-az2",
            "cidr_block": "10.0.2.0/24",
            "customer_owned_ipv4_pool": "",
            "enable_dns64": false,
            "enable_resource_name_dns_a_record_on_launch": false,
            "enable_resource_name_dns_aaaa_record_on_launch": false,
            "id": "subnet-03e91d95dea7dbb71",
            "ipv6_cidr_block": "",
            "ipv6_cidr_block_association_id": "",
            "ipv6_native": false,
            "map_customer_owned_ip_on_launch": false,
            "map_public_ip_on_launch": false,
            "outpost_arn": "",
            "owner_id": "936885503454",
            "private_dns_hostname_type_on_launch": "ip-name",
            "tags": {
              "Name": "dev-private-1"
            },
            "tags_all": {
              "Name": "dev-private-1"
            },
            "timeouts": null,
            "vpc_id": "vpc-01a5777238bedf4c2"
          },
          "sensitive_attributes": [],
          "private": "eyJlMmJmYjczMC1lY2FhLTExZTYtOGY4OC0zNDM2M2JjN2M0YzAiOnsiY3JlYXRlIjo2MDAwMDAwMDAwMDAsImRlbGV0ZSI6MTIwMDAwMDAwMDAwMH0sInNjaGVtYV92ZXJzaW9uIjoiMSJ9",
          "dependencies": [
            "aws_vpc.dev-vpc"
          ]
        }
      ]
    },
    {
      "mode": "managed",
      "type": "aws_subnet",
      "name": "dev-public",
      "provider": "provider[\"registry.terraform.io/hashicorp/aws\"]",
      "instances": [
        {
          "schema_version": 1,
          "attributes": {
            "arn": "arn:aws:ec2:eu-central-1:936885503454:subnet/subnet-0bf70ce0cea6c85aa",
            "assign_ipv6_address_on_creation": false,
            "availability_zone": "eu-central-1a",
            "availability_zone_id": "euc1-az2",
            "cidr_block": "10.0.1.0/24",
            "customer_owned_ipv4_pool": "",
            "enable_dns64": false,
            "enable_resource_name_dns_a_record_on_launch": false,
            "enable_resource_name_dns_aaaa_record_on_launch": false,
            "id": "subnet-0bf70ce0cea6c85aa",
            "ipv6_cidr_block": "",
            "ipv6_cidr_block_association_id": "",
            "ipv6_native": false,
            "map_customer_owned_ip_on_launch": false,
            "map_public_ip_on_launch": false,
            "outpost_arn": "",
            "owner_id": "936885503454",
            "private_dns_hostname_type_on_launch": "ip-name",
            "tags": {
              "Name": "dev-public"
            },
            "tags_all": {
              "Name": "dev-public"
            },
            "timeouts": null,
            "vpc_id": "vpc-01a5777238bedf4c2"
          },
          "sensitive_attributes": [],
          "private": "eyJlMmJmYjczMC1lY2FhLTExZTYtOGY4OC0zNDM2M2JjN2M0YzAiOnsiY3JlYXRlIjo2MDAwMDAwMDAwMDAsImRlbGV0ZSI6MTIwMDAwMDAwMDAwMH0sInNjaGVtYV92ZXJzaW9uIjoiMSJ9",
          "dependencies": [
            "aws_vpc.dev-vpc"
          ]
        }
      ]
    },
    {
      "mode": "managed",
      "type": "aws_vpc",
      "name": "dev-vpc",
      "provider": "provider[\"registry.terraform.io/hashicorp/aws\"]",
      "instances": [
        {
          "schema_version": 1,
          "attributes": {
            "arn": "arn:aws:ec2:eu-central-1:936885503454:vpc/vpc-01a5777238bedf4c2",
            "assign_generated_ipv6_cidr_block": false,
            "cidr_block": "10.0.0.0/16",
            "default_network_acl_id": "acl-0c084a39e5e7c8307",
            "default_route_table_id": "rtb-0a0fbb293be1597a1",
            "default_security_group_id": "sg-0d6a0a1b0e6307819",
            "dhcp_options_id": "dopt-072ae9f92f194ecd4",
            "enable_classiclink": false,
            "enable_classiclink_dns_support": false,
            "enable_dns_hostnames": false,
            "enable_dns_support": true,
            "enable_network_address_usage_metrics": false,
            "id": "vpc-01a5777238bedf4c2",
            "instance_tenancy": "default",
            "ipv4_ipam_pool_id": null,
            "ipv4_netmask_length": null,
            "ipv6_association_id": "",
            "ipv6_cidr_block": "",
            "ipv6_cidr_block_network_border_group": "",
            "ipv6_ipam_pool_id": "",
            "ipv6_netmask_length": 0,
            "main_route_table_id": "rtb-0a0fbb293be1597a1",
            "owner_id": "936885503454",
            "tags": {
              "Name": "DEV-VPC"
            },
            "tags_all": {
              "Name": "DEV-VPC"
            }
          },
          "sensitive_attributes": [],
          "private": "eyJzY2hlbWFfdmVyc2lvbiI6IjEifQ=="
        }
      ]
    },
    {
      "mode": "managed",
      "type": "local_file",
      "name": "private_key",
      "provider": "provider[\"registry.terraform.io/hashicorp/local\"]",
      "instances": [
        {
          "schema_version": 0,
          "attributes": {
            "content": "-----BEGIN RSA PRIVATE KEY-----\nMIIJKgIBAAKCAgEA0V5y6xfp5imhYyC1UC8HK05n6s4fq28ahi3bO2jBx2J2K2sh\ntvWUMSDbHRRpXJfVG2VYN1dF4rz1KpmX9MaMO4DGD+xspaDskMpqmzlnlCF7DJQR\nldYYz8cQWdQBY7wAgUHFLY58rTYXdLPVavja6ihjnJPvGQqGKfaOpCh6TFd9sIjw\nYv1dMDTiBY+kij5GX86obDNApGPUv1HgM7fKzXzT6lQ47P8Hspy+lNiywSNu+IJj\nmQJkN2VsPLHalY1IEw0sSGatij8ZACaZQfbWYuDR97G2OtnL06XgtYkyhE6XT9w2\nnh3Q9p5xQJWsG8qY0V391fi+ZC1yfmt5tf66IngQ+R1OqQnpSJ7rYkXfe9iYkbP2\np2gEEU7RYp7cWCvQVOdcmUzOQrDuwzXPB59xRR/XqCSb45lK5UhlxVLpXWb/p6/l\nOvQ9MXbIUWA6vuNb8HFl771K5kfmJMwzL1rkBfjAPZfv7P3ILm1Jps6/C2HRa794\nnXVY245/iePlIX9PbefaXmQtryC5OreBbvUyBQJsRUCI1PJrgnsEA4n3m77m0YMv\nPAer340Kpq2PV9KvbHkVpx2pTCd+NK/nDQ2DCp0t6Mj0R6WQyL3n8MJqRo5n0SJo\nQkqLMWBxsciX7MhpzWO6fT+/eTS7Z6SzcUqqXA4tqbKfPOemloMptFw+Ns0CAwEA\nAQKCAgA0sI1BJtKBTubDmJ6ooD0wo9m5GMiVjy9gpzet+s4RjHDqulpQvfreZkNe\nTR265KcH7vhFbRw0VJNqdh7sxe7SprSxmzE4eYgvZBFyIP81IzvhTX4jdC7oU1OF\nF7qFy/Fglhm2Pk6YFK3Qe9Vwx1HobeOrqvsYFTLwapE5NMqaXcZO4BeHAfYqxJRB\nDAY/mC6Du/Fc0YUqGcmXoFZJDa7nCcwXA70Tv5bDV3kK4oIR4wXxWncQMa7g1hBo\nMeYtjtGdocoMKnLwALMc+5nEJQeM+ME+kaWnp9oI2Iz1gqKI83JW8bd5EU3eUr9z\nnnciw1i0D/Bqod/gPCO9NvT5XTKgN4njmTtMLCMbGrvSmC584v1ikYn2MxdBPXn6\nAIM82tz6ZdQ3daOQsQe2SNbRzMXf3GYYgf4uFGD5KOCOEsP0Scw49L8NswKj3z7a\nEPCkQbaY3ppsc8S1Yd/zQMs7S00usaE1AfsXwUZvEdZDwOsZ/T98jO3u03TLcGAN\nuEhVme0YhisKD7fN6fGErXqQe5RE5B0S17E+HGmXdZgHnLWU0i+dtX/tEF0SzFw2\nU3cUkEMFlfeUsfBVStdVY+XSXE6Kyk71odRtJ3bM4LV3QxHB8hnxfLCFnfk7YOd2\nC3CV0d4yE6yYaRvbgREgBP2WjQ/2ojbzEOsGvT2iwmlv4LEdQQKCAQEA5lJGc8WS\nHnmiq1CsTo+5c8IMgum73K3RRJ1tzxlBy9GZhK79gKhUjM2VG9lZaWTfxNgRdzW7\nRMjBZ8ZeDooecGqNkYx/ADy1pQzvZYXWjHj1dLH3H1TS3YCsFztuJa5X6tgJieTw\nGWLbK3SgI8hf+iGbQ2PS+Gm7E9N1cl/GPLToeUUr1SHGvCXZy4ZON+GRTduiKr0m\nRxJpAyKkX0G4DD7IeoQJ0BImQXcvQvRVW8cgbbCeoeE23kyppiRqgE5U3/PDunaJ\nv32HJL+ea0+PwzFJWhEPWUUvJappM/lA1l1Q5uiampPcT3HJ66Yovbq0ja42FI/k\n8a/y0mttEKB9nQKCAQEA6LYoqBf1+c4QL1FNrOojMg/pNwCpd6nwL0fw3Ihg5K1s\n0ULQhuu770GdmdtwWQoauQOkJhnWBnLfuUuGUjOVHNnh9h03iUTnwlqtbwf2Ggc2\n8clj6nMpxfwnkDB0ShQ7CopVYIoVfQibyTkZ3YkeWoRXVMHUweM1MrSta6Mo9zgf\nN5yRFwTd24cPas4pedxTmbaCwcppnlR14b8csPh0NXeAHWVa6SLPLJQ3ZO8LOpyl\nfxdSMCy87viy7ObvsU+binGiyTOEYHr3mSb0yE3Xp89FSwyM2in4kq43eiU9t/dY\ntkVZp6pKsZclVaAwL9Qrhu4p8BNKm6L6LUFuw+Du8QKCAQEAn2wlre78dDG3giNm\nET70nAaeSGNnEJoTtw3NO0N9QopDXA8QE2TwmUGXy14HwKb9KLBybnR3umXHUYCC\nDEhYR3HJqgx4v/5FsQgiEMCyQCtdozeoGTzKdF2jQLV3SYfC/SAqghNAiiHeGNcy\nHXKN1II8iUnoduAgiNmeetuGSPDj1UUm0PD/Ma51caX2MEHnJOA5AKJKg3lfzLbG\n1dSUg41VkVAhxq85YakQwqSDDPLpJGPTebN9GiQwbXrZaRRPNXDycven4y8NQ0eL\nbTX2CaLs5fXXDPCRcN3i0gHeekK/RAWPNh3QqgDWRlGN873vSf5jGpp7WztxtWp8\nZLziFQKCAQEAo9xYZnxwvJSHuvnR6xb273Jaslsp+VPVB0Xt6SuypnMjc3pLoSVu\nsPsQAV2OD3RY+rwAor+AgAv1UuFGVK1zqtwVCxrplyPI2YbGJq+BcDRyUPCRBW5Q\nFNQH+7TSvbLfG/3qPk8c8GzWXWtythauI+iaIdlWeawGMo0cq/U4jFOdT6hUVdQc\ncE764ScH94HX8B2eltxzYIRyeSH8DvTzxw49TPWofQ8AuJApLU5RJtVUh1ghjECE\nTPUb8EpwrvayPFrl2C0JYnJT1CilJkIBv2zoiv7sU1ZIbOh1sfF1MwvdEINmrPPx\nInmeVVu1cohAmgMrzpuW5l5tMN6pIw5I0QKCAQEAlOSUSHA1tzuVaMatSTfJJceP\nEmUwswx/g74rEUp1ipEcDPrw9Y+wPIqz1EOSm7Cmxr+3EkzOA2q3IfAIw9siLRUd\nNcoXUIEg3XOK5qV+iF0MOAti+6ZzeD4txG70ACqgq741jA6IFiVY8tN2x63DOG+n\nlBmsmSaxad7kafP+m/HVsqhX+jTJar/G38v0TBuWoC9J7ctT6tXmvMrnrLp6eV4s\nz62uffKyhdenpSVOnjrtsNGfimpdsb8CPi5exs3+Jbb7JmZraVgz6X0kBbd1mG7u\nFsdhVpjXU1YrIbpizPY5saY1Wt6fV2X+eQ5FQ5x5PV+Hxe6s78E/3HWBtuIZZQ==\n-----END RSA PRIVATE KEY-----\n",
            "content_base64": null,
            "directory_permission": "0777",
            "file_permission": "0777",
            "filename": "terraform-key-pair.pem",
            "id": "0c7a84fb66936f5bdd80dd7c43a04c7d4174c532",
            "sensitive_content": null,
            "source": null
          },
          "sensitive_attributes": [
            [
              {
                "type": "get_attr",
                "value": "content"
              }
            ]
          ],
          "private": "bnVsbA==",
          "dependencies": [
            "tls_private_key.dev_key"
          ]
        }
      ]
    },
    {
      "mode": "managed",
      "type": "tls_private_key",
      "name": "dev_key",
      "provider": "provider[\"registry.terraform.io/hashicorp/tls\"]",
      "instances": [
        {
          "schema_version": 1,
          "attributes": {
            "algorithm": "RSA",
            "ecdsa_curve": "P224",
            "id": "a637fd660c21ed124b6a52ab9ddb67ee4f144f75",
            "private_key_openssh": "-----BEGIN OPENSSH PRIVATE KEY-----\nb3BlbnNzaC1rZXktdjEAAAAABG5vbmUAAAAEbm9uZQAAAAAAAAABAAACFwAAAAdz\nc2gtcnNhAAAAAwEAAQAAAgEA0V5y6xfp5imhYyC1UC8HK05n6s4fq28ahi3bO2jB\nx2J2K2shtvWUMSDbHRRpXJfVG2VYN1dF4rz1KpmX9MaMO4DGD+xspaDskMpqmzln\nlCF7DJQRldYYz8cQWdQBY7wAgUHFLY58rTYXdLPVavja6ihjnJPvGQqGKfaOpCh6\nTFd9sIjwYv1dMDTiBY+kij5GX86obDNApGPUv1HgM7fKzXzT6lQ47P8Hspy+lNiy\nwSNu+IJjmQJkN2VsPLHalY1IEw0sSGatij8ZACaZQfbWYuDR97G2OtnL06XgtYky\nhE6XT9w2nh3Q9p5xQJWsG8qY0V391fi+ZC1yfmt5tf66IngQ+R1OqQnpSJ7rYkXf\ne9iYkbP2p2gEEU7RYp7cWCvQVOdcmUzOQrDuwzXPB59xRR/XqCSb45lK5UhlxVLp\nXWb/p6/lOvQ9MXbIUWA6vuNb8HFl771K5kfmJMwzL1rkBfjAPZfv7P3ILm1Jps6/\nC2HRa794nXVY245/iePlIX9PbefaXmQtryC5OreBbvUyBQJsRUCI1PJrgnsEA4n3\nm77m0YMvPAer340Kpq2PV9KvbHkVpx2pTCd+NK/nDQ2DCp0t6Mj0R6WQyL3n8MJq\nRo5n0SJoQkqLMWBxsciX7MhpzWO6fT+/eTS7Z6SzcUqqXA4tqbKfPOemloMptFw+\nNs0AAAc4HimWyB4plsgAAAAHc3NoLXJzYQAAAgEA0V5y6xfp5imhYyC1UC8HK05n\n6s4fq28ahi3bO2jBx2J2K2shtvWUMSDbHRRpXJfVG2VYN1dF4rz1KpmX9MaMO4DG\nD+xspaDskMpqmzlnlCF7DJQRldYYz8cQWdQBY7wAgUHFLY58rTYXdLPVavja6ihj\nnJPvGQqGKfaOpCh6TFd9sIjwYv1dMDTiBY+kij5GX86obDNApGPUv1HgM7fKzXzT\n6lQ47P8Hspy+lNiywSNu+IJjmQJkN2VsPLHalY1IEw0sSGatij8ZACaZQfbWYuDR\n97G2OtnL06XgtYkyhE6XT9w2nh3Q9p5xQJWsG8qY0V391fi+ZC1yfmt5tf66IngQ\n+R1OqQnpSJ7rYkXfe9iYkbP2p2gEEU7RYp7cWCvQVOdcmUzOQrDuwzXPB59xRR/X\nqCSb45lK5UhlxVLpXWb/p6/lOvQ9MXbIUWA6vuNb8HFl771K5kfmJMwzL1rkBfjA\nPZfv7P3ILm1Jps6/C2HRa794nXVY245/iePlIX9PbefaXmQtryC5OreBbvUyBQJs\nRUCI1PJrgnsEA4n3m77m0YMvPAer340Kpq2PV9KvbHkVpx2pTCd+NK/nDQ2DCp0t\n6Mj0R6WQyL3n8MJqRo5n0SJoQkqLMWBxsciX7MhpzWO6fT+/eTS7Z6SzcUqqXA4t\nqbKfPOemloMptFw+Ns0AAAADAQABAAACADSwjUEm0oFO5sOYnqigPTCj2bkYyJWP\nL2CnN636zhGMcOq6WlC9+t5mQ15NHbrkpwfu+EVtHDRUk2p2HuzF7tKmtLGbMTh5\niC9kEXIg/zUjO+FNfiN0LuhTU4UXuoXL8WCWGbY+TpgUrdB71XDHUeht46uq+xgV\nMvBqkTk0yppdxk7gF4cB9irElEEMBj+YLoO78VzRhSoZyZegVkkNrucJzBcDvRO/\nlsNXeQrighHjBfFadxAxruDWEGgx5i2O0Z2hygwqcvAAsxz7mcQlB4z4wT6Rpaen\n2gjYjPWCoojzclbxt3kRTd5Sv3OedyLDWLQP8Gqh3+A8I7029PldMqA3ieOZO0ws\nIxsau9KYLnzi/WKRifYzF0E9efoAgzza3Ppl1Dd1o5CxB7ZI1tHMxd/cZhiB/i4U\nYPko4I4Sw/RJzDj0vw2zAqPfPtoQ8KRBtpjemmxzxLVh3/NAyztLTS6xoTUB+xfB\nRm8R1kPA6xn9P3yM7e7TdMtwYA24SFWZ7RiGKwoPt83p8YStepB7lETkHRLXsT4c\naZd1mAectZTSL521f+0QXRLMXDZTdxSQQwWV95Sx8FVK11Vj5dJcTorKTvWh1G0n\ndszgtXdDEcHyGfF8sIWd+Ttg53YLcJXR3jITrJhpG9uBESAE/ZaND/aiNvMQ6wa9\nPaLCaW/gsR1BAAABAQCU5JRIcDW3O5Voxq1JN8klx48SZTCzDH+DvisRSnWKkRwM\n+vD1j7A8irPUQ5KbsKbGv7cSTM4Darch8AjD2yItFR01yhdQgSDdc4rmpX6IXQw4\nC2L7pnN4Pi3EbvQAKqCrvjWMDogWJVjy03bHrcM4b6eUGayZJrFp3uRp8/6b8dWy\nqFf6NMlqv8bfy/RMG5agL0nty1Pq1ea8yuesunp5XizPra598rKF16elJU6eOu2w\n0Z+Kal2xvwI+Ll7Gzf4ltvsmZmtpWDPpfSQFt3WYbu4Wx2FWmNdTVishumLM9jmx\npjVa3p9XZf55DkVDnHk9X4fF7qzvwT/cdYG24hllAAABAQDmUkZzxZIeeaKrUKxO\nj7lzwgyC6bvcrdFEnW3PGUHL0ZmErv2AqFSMzZUb2VlpZN/E2BF3NbtEyMFnxl4O\nih5wao2RjH8APLWlDO9lhdaMePV0sfcfVNLdgKwXO24lrlfq2AmJ5PAZYtsrdKAj\nyF/6IZtDY9L4absT03VyX8Y8tOh5RSvVIca8JdnLhk434ZFN26IqvSZHEmkDIqRf\nQbgMPsh6hAnQEiZBdy9C9FVbxyBtsJ6h4TbeTKmmJGqATlTf88O6dom/fYckv55r\nT4/DMUlaEQ9ZRS8lqmkz+UDWXVDm6Jqak9xPccnrpii9urSNrjYUj+Txr/LSa20Q\noH2dAAABAQDotiioF/X5zhAvUU2s6iMyD+k3AKl3qfAvR/DciGDkrWzRQtCG67vv\nQZ2Z23BZChq5A6QmGdYGct+5S4ZSM5Uc2eH2HTeJROfCWq1vB/YaBzbxyWPqcynF\n/CeQMHRKFDsKilVgihV9CJvJORndiR5ahFdUwdTB4zUytK1royj3OB83nJEXBN3b\nhw9qzil53FOZtoLBymmeVHXhvxyw+HQ1d4AdZVrpIs8slDdk7ws6nKV/F1IwLLzu\n+LLs5u+xT5uKcaLJM4RgeveZJvTITdenz0VLDIzaKfiSrjd6JT2391i2RVmnqkqx\nlyVVoDAv1CuG7inwE0qbovotQW7D4O7xAAAAAAEC\n-----END OPENSSH PRIVATE KEY-----\n",
            "private_key_pem": "-----BEGIN RSA PRIVATE KEY-----\nMIIJKgIBAAKCAgEA0V5y6xfp5imhYyC1UC8HK05n6s4fq28ahi3bO2jBx2J2K2sh\ntvWUMSDbHRRpXJfVG2VYN1dF4rz1KpmX9MaMO4DGD+xspaDskMpqmzlnlCF7DJQR\nldYYz8cQWdQBY7wAgUHFLY58rTYXdLPVavja6ihjnJPvGQqGKfaOpCh6TFd9sIjw\nYv1dMDTiBY+kij5GX86obDNApGPUv1HgM7fKzXzT6lQ47P8Hspy+lNiywSNu+IJj\nmQJkN2VsPLHalY1IEw0sSGatij8ZACaZQfbWYuDR97G2OtnL06XgtYkyhE6XT9w2\nnh3Q9p5xQJWsG8qY0V391fi+ZC1yfmt5tf66IngQ+R1OqQnpSJ7rYkXfe9iYkbP2\np2gEEU7RYp7cWCvQVOdcmUzOQrDuwzXPB59xRR/XqCSb45lK5UhlxVLpXWb/p6/l\nOvQ9MXbIUWA6vuNb8HFl771K5kfmJMwzL1rkBfjAPZfv7P3ILm1Jps6/C2HRa794\nnXVY245/iePlIX9PbefaXmQtryC5OreBbvUyBQJsRUCI1PJrgnsEA4n3m77m0YMv\nPAer340Kpq2PV9KvbHkVpx2pTCd+NK/nDQ2DCp0t6Mj0R6WQyL3n8MJqRo5n0SJo\nQkqLMWBxsciX7MhpzWO6fT+/eTS7Z6SzcUqqXA4tqbKfPOemloMptFw+Ns0CAwEA\nAQKCAgA0sI1BJtKBTubDmJ6ooD0wo9m5GMiVjy9gpzet+s4RjHDqulpQvfreZkNe\nTR265KcH7vhFbRw0VJNqdh7sxe7SprSxmzE4eYgvZBFyIP81IzvhTX4jdC7oU1OF\nF7qFy/Fglhm2Pk6YFK3Qe9Vwx1HobeOrqvsYFTLwapE5NMqaXcZO4BeHAfYqxJRB\nDAY/mC6Du/Fc0YUqGcmXoFZJDa7nCcwXA70Tv5bDV3kK4oIR4wXxWncQMa7g1hBo\nMeYtjtGdocoMKnLwALMc+5nEJQeM+ME+kaWnp9oI2Iz1gqKI83JW8bd5EU3eUr9z\nnnciw1i0D/Bqod/gPCO9NvT5XTKgN4njmTtMLCMbGrvSmC584v1ikYn2MxdBPXn6\nAIM82tz6ZdQ3daOQsQe2SNbRzMXf3GYYgf4uFGD5KOCOEsP0Scw49L8NswKj3z7a\nEPCkQbaY3ppsc8S1Yd/zQMs7S00usaE1AfsXwUZvEdZDwOsZ/T98jO3u03TLcGAN\nuEhVme0YhisKD7fN6fGErXqQe5RE5B0S17E+HGmXdZgHnLWU0i+dtX/tEF0SzFw2\nU3cUkEMFlfeUsfBVStdVY+XSXE6Kyk71odRtJ3bM4LV3QxHB8hnxfLCFnfk7YOd2\nC3CV0d4yE6yYaRvbgREgBP2WjQ/2ojbzEOsGvT2iwmlv4LEdQQKCAQEA5lJGc8WS\nHnmiq1CsTo+5c8IMgum73K3RRJ1tzxlBy9GZhK79gKhUjM2VG9lZaWTfxNgRdzW7\nRMjBZ8ZeDooecGqNkYx/ADy1pQzvZYXWjHj1dLH3H1TS3YCsFztuJa5X6tgJieTw\nGWLbK3SgI8hf+iGbQ2PS+Gm7E9N1cl/GPLToeUUr1SHGvCXZy4ZON+GRTduiKr0m\nRxJpAyKkX0G4DD7IeoQJ0BImQXcvQvRVW8cgbbCeoeE23kyppiRqgE5U3/PDunaJ\nv32HJL+ea0+PwzFJWhEPWUUvJappM/lA1l1Q5uiampPcT3HJ66Yovbq0ja42FI/k\n8a/y0mttEKB9nQKCAQEA6LYoqBf1+c4QL1FNrOojMg/pNwCpd6nwL0fw3Ihg5K1s\n0ULQhuu770GdmdtwWQoauQOkJhnWBnLfuUuGUjOVHNnh9h03iUTnwlqtbwf2Ggc2\n8clj6nMpxfwnkDB0ShQ7CopVYIoVfQibyTkZ3YkeWoRXVMHUweM1MrSta6Mo9zgf\nN5yRFwTd24cPas4pedxTmbaCwcppnlR14b8csPh0NXeAHWVa6SLPLJQ3ZO8LOpyl\nfxdSMCy87viy7ObvsU+binGiyTOEYHr3mSb0yE3Xp89FSwyM2in4kq43eiU9t/dY\ntkVZp6pKsZclVaAwL9Qrhu4p8BNKm6L6LUFuw+Du8QKCAQEAn2wlre78dDG3giNm\nET70nAaeSGNnEJoTtw3NO0N9QopDXA8QE2TwmUGXy14HwKb9KLBybnR3umXHUYCC\nDEhYR3HJqgx4v/5FsQgiEMCyQCtdozeoGTzKdF2jQLV3SYfC/SAqghNAiiHeGNcy\nHXKN1II8iUnoduAgiNmeetuGSPDj1UUm0PD/Ma51caX2MEHnJOA5AKJKg3lfzLbG\n1dSUg41VkVAhxq85YakQwqSDDPLpJGPTebN9GiQwbXrZaRRPNXDycven4y8NQ0eL\nbTX2CaLs5fXXDPCRcN3i0gHeekK/RAWPNh3QqgDWRlGN873vSf5jGpp7WztxtWp8\nZLziFQKCAQEAo9xYZnxwvJSHuvnR6xb273Jaslsp+VPVB0Xt6SuypnMjc3pLoSVu\nsPsQAV2OD3RY+rwAor+AgAv1UuFGVK1zqtwVCxrplyPI2YbGJq+BcDRyUPCRBW5Q\nFNQH+7TSvbLfG/3qPk8c8GzWXWtythauI+iaIdlWeawGMo0cq/U4jFOdT6hUVdQc\ncE764ScH94HX8B2eltxzYIRyeSH8DvTzxw49TPWofQ8AuJApLU5RJtVUh1ghjECE\nTPUb8EpwrvayPFrl2C0JYnJT1CilJkIBv2zoiv7sU1ZIbOh1sfF1MwvdEINmrPPx\nInmeVVu1cohAmgMrzpuW5l5tMN6pIw5I0QKCAQEAlOSUSHA1tzuVaMatSTfJJceP\nEmUwswx/g74rEUp1ipEcDPrw9Y+wPIqz1EOSm7Cmxr+3EkzOA2q3IfAIw9siLRUd\nNcoXUIEg3XOK5qV+iF0MOAti+6ZzeD4txG70ACqgq741jA6IFiVY8tN2x63DOG+n\nlBmsmSaxad7kafP+m/HVsqhX+jTJar/G38v0TBuWoC9J7ctT6tXmvMrnrLp6eV4s\nz62uffKyhdenpSVOnjrtsNGfimpdsb8CPi5exs3+Jbb7JmZraVgz6X0kBbd1mG7u\nFsdhVpjXU1YrIbpizPY5saY1Wt6fV2X+eQ5FQ5x5PV+Hxe6s78E/3HWBtuIZZQ==\n-----END RSA PRIVATE KEY-----\n",
            "private_key_pem_pkcs8": "-----BEGIN PRIVATE KEY-----\nMIIJRAIBADANBgkqhkiG9w0BAQEFAASCCS4wggkqAgEAAoICAQDRXnLrF+nmKaFj\nILVQLwcrTmfqzh+rbxqGLds7aMHHYnYrayG29ZQxINsdFGlcl9UbZVg3V0XivPUq\nmZf0xow7gMYP7GyloOyQymqbOWeUIXsMlBGV1hjPxxBZ1AFjvACBQcUtjnytNhd0\ns9Vq+NrqKGOck+8ZCoYp9o6kKHpMV32wiPBi/V0wNOIFj6SKPkZfzqhsM0CkY9S/\nUeAzt8rNfNPqVDjs/weynL6U2LLBI274gmOZAmQ3ZWw8sdqVjUgTDSxIZq2KPxkA\nJplB9tZi4NH3sbY62cvTpeC1iTKETpdP3DaeHdD2nnFAlawbypjRXf3V+L5kLXJ+\na3m1/roieBD5HU6pCelInutiRd972JiRs/anaAQRTtFintxYK9BU51yZTM5CsO7D\nNc8Hn3FFH9eoJJvjmUrlSGXFUuldZv+nr+U69D0xdshRYDq+41vwcWXvvUrmR+Yk\nzDMvWuQF+MA9l+/s/cgubUmmzr8LYdFrv3iddVjbjn+J4+Uhf09t59peZC2vILk6\nt4Fu9TIFAmxFQIjU8muCewQDifebvubRgy88B6vfjQqmrY9X0q9seRWnHalMJ340\nr+cNDYMKnS3oyPRHpZDIvefwwmpGjmfRImhCSosxYHGxyJfsyGnNY7p9P795NLtn\npLNxSqpcDi2psp8856aWgym0XD42zQIDAQABAoICADSwjUEm0oFO5sOYnqigPTCj\n2bkYyJWPL2CnN636zhGMcOq6WlC9+t5mQ15NHbrkpwfu+EVtHDRUk2p2HuzF7tKm\ntLGbMTh5iC9kEXIg/zUjO+FNfiN0LuhTU4UXuoXL8WCWGbY+TpgUrdB71XDHUeht\n46uq+xgVMvBqkTk0yppdxk7gF4cB9irElEEMBj+YLoO78VzRhSoZyZegVkkNrucJ\nzBcDvRO/lsNXeQrighHjBfFadxAxruDWEGgx5i2O0Z2hygwqcvAAsxz7mcQlB4z4\nwT6Rpaen2gjYjPWCoojzclbxt3kRTd5Sv3OedyLDWLQP8Gqh3+A8I7029PldMqA3\nieOZO0wsIxsau9KYLnzi/WKRifYzF0E9efoAgzza3Ppl1Dd1o5CxB7ZI1tHMxd/c\nZhiB/i4UYPko4I4Sw/RJzDj0vw2zAqPfPtoQ8KRBtpjemmxzxLVh3/NAyztLTS6x\noTUB+xfBRm8R1kPA6xn9P3yM7e7TdMtwYA24SFWZ7RiGKwoPt83p8YStepB7lETk\nHRLXsT4caZd1mAectZTSL521f+0QXRLMXDZTdxSQQwWV95Sx8FVK11Vj5dJcTorK\nTvWh1G0ndszgtXdDEcHyGfF8sIWd+Ttg53YLcJXR3jITrJhpG9uBESAE/ZaND/ai\nNvMQ6wa9PaLCaW/gsR1BAoIBAQDmUkZzxZIeeaKrUKxOj7lzwgyC6bvcrdFEnW3P\nGUHL0ZmErv2AqFSMzZUb2VlpZN/E2BF3NbtEyMFnxl4Oih5wao2RjH8APLWlDO9l\nhdaMePV0sfcfVNLdgKwXO24lrlfq2AmJ5PAZYtsrdKAjyF/6IZtDY9L4absT03Vy\nX8Y8tOh5RSvVIca8JdnLhk434ZFN26IqvSZHEmkDIqRfQbgMPsh6hAnQEiZBdy9C\n9FVbxyBtsJ6h4TbeTKmmJGqATlTf88O6dom/fYckv55rT4/DMUlaEQ9ZRS8lqmkz\n+UDWXVDm6Jqak9xPccnrpii9urSNrjYUj+Txr/LSa20QoH2dAoIBAQDotiioF/X5\nzhAvUU2s6iMyD+k3AKl3qfAvR/DciGDkrWzRQtCG67vvQZ2Z23BZChq5A6QmGdYG\nct+5S4ZSM5Uc2eH2HTeJROfCWq1vB/YaBzbxyWPqcynF/CeQMHRKFDsKilVgihV9\nCJvJORndiR5ahFdUwdTB4zUytK1royj3OB83nJEXBN3bhw9qzil53FOZtoLBymme\nVHXhvxyw+HQ1d4AdZVrpIs8slDdk7ws6nKV/F1IwLLzu+LLs5u+xT5uKcaLJM4Rg\neveZJvTITdenz0VLDIzaKfiSrjd6JT2391i2RVmnqkqxlyVVoDAv1CuG7inwE0qb\novotQW7D4O7xAoIBAQCfbCWt7vx0MbeCI2YRPvScBp5IY2cQmhO3Dc07Q31CikNc\nDxATZPCZQZfLXgfApv0osHJudHe6ZcdRgIIMSFhHccmqDHi//kWxCCIQwLJAK12j\nN6gZPMp0XaNAtXdJh8L9ICqCE0CKId4Y1zIdco3UgjyJSeh24CCI2Z5624ZI8OPV\nRSbQ8P8xrnVxpfYwQeck4DkAokqDeV/MtsbV1JSDjVWRUCHGrzlhqRDCpIMM8ukk\nY9N5s30aJDBtetlpFE81cPJy96fjLw1DR4ttNfYJouzl9dcM8JFw3eLSAd56Qr9E\nBY82HdCqANZGUY3zve9J/mMamntbO3G1anxkvOIVAoIBAQCj3FhmfHC8lIe6+dHr\nFvbvclqyWyn5U9UHRe3pK7KmcyNzekuhJW6w+xABXY4PdFj6vACiv4CAC/VS4UZU\nrXOq3BULGumXI8jZhsYmr4FwNHJQ8JEFblAU1Af7tNK9st8b/eo+TxzwbNZda3K2\nFq4j6Joh2VZ5rAYyjRyr9TiMU51PqFRV1BxwTvrhJwf3gdfwHZ6W3HNghHJ5IfwO\n9PPHDj1M9ah9DwC4kCktTlEm1VSHWCGMQIRM9RvwSnCu9rI8WuXYLQliclPUKKUm\nQgG/bOiK/uxTVkhs6HWx8XUzC90Qg2as8/EieZ5VW7VyiECaAyvOm5bmXm0w3qkj\nDkjRAoIBAQCU5JRIcDW3O5Voxq1JN8klx48SZTCzDH+DvisRSnWKkRwM+vD1j7A8\nirPUQ5KbsKbGv7cSTM4Darch8AjD2yItFR01yhdQgSDdc4rmpX6IXQw4C2L7pnN4\nPi3EbvQAKqCrvjWMDogWJVjy03bHrcM4b6eUGayZJrFp3uRp8/6b8dWyqFf6NMlq\nv8bfy/RMG5agL0nty1Pq1ea8yuesunp5XizPra598rKF16elJU6eOu2w0Z+Kal2x\nvwI+Ll7Gzf4ltvsmZmtpWDPpfSQFt3WYbu4Wx2FWmNdTVishumLM9jmxpjVa3p9X\nZf55DkVDnHk9X4fF7qzvwT/cdYG24hll\n-----END PRIVATE KEY-----\n",
            "public_key_fingerprint_md5": "a9:22:a3:d1:81:60:89:a1:55:58:17:f8:7f:3e:e9:42",
            "public_key_fingerprint_sha256": "SHA256:TecgUVjD/FNJjxj569Gve3vDjMSrL5Pi89YCHwi2y/g",
            "public_key_openssh": "ssh-rsa AAAAB3NzaC1yc2EAAAADAQABAAACAQDRXnLrF+nmKaFjILVQLwcrTmfqzh+rbxqGLds7aMHHYnYrayG29ZQxINsdFGlcl9UbZVg3V0XivPUqmZf0xow7gMYP7GyloOyQymqbOWeUIXsMlBGV1hjPxxBZ1AFjvACBQcUtjnytNhd0s9Vq+NrqKGOck+8ZCoYp9o6kKHpMV32wiPBi/V0wNOIFj6SKPkZfzqhsM0CkY9S/UeAzt8rNfNPqVDjs/weynL6U2LLBI274gmOZAmQ3ZWw8sdqVjUgTDSxIZq2KPxkAJplB9tZi4NH3sbY62cvTpeC1iTKETpdP3DaeHdD2nnFAlawbypjRXf3V+L5kLXJ+a3m1/roieBD5HU6pCelInutiRd972JiRs/anaAQRTtFintxYK9BU51yZTM5CsO7DNc8Hn3FFH9eoJJvjmUrlSGXFUuldZv+nr+U69D0xdshRYDq+41vwcWXvvUrmR+YkzDMvWuQF+MA9l+/s/cgubUmmzr8LYdFrv3iddVjbjn+J4+Uhf09t59peZC2vILk6t4Fu9TIFAmxFQIjU8muCewQDifebvubRgy88B6vfjQqmrY9X0q9seRWnHalMJ340r+cNDYMKnS3oyPRHpZDIvefwwmpGjmfRImhCSosxYHGxyJfsyGnNY7p9P795NLtnpLNxSqpcDi2psp8856aWgym0XD42zQ==\n",
            "public_key_pem": "-----BEGIN PUBLIC KEY-----\nMIICIjANBgkqhkiG9w0BAQEFAAOCAg8AMIICCgKCAgEA0V5y6xfp5imhYyC1UC8H\nK05n6s4fq28ahi3bO2jBx2J2K2shtvWUMSDbHRRpXJfVG2VYN1dF4rz1KpmX9MaM\nO4DGD+xspaDskMpqmzlnlCF7DJQRldYYz8cQWdQBY7wAgUHFLY58rTYXdLPVavja\n6ihjnJPvGQqGKfaOpCh6TFd9sIjwYv1dMDTiBY+kij5GX86obDNApGPUv1HgM7fK\nzXzT6lQ47P8Hspy+lNiywSNu+IJjmQJkN2VsPLHalY1IEw0sSGatij8ZACaZQfbW\nYuDR97G2OtnL06XgtYkyhE6XT9w2nh3Q9p5xQJWsG8qY0V391fi+ZC1yfmt5tf66\nIngQ+R1OqQnpSJ7rYkXfe9iYkbP2p2gEEU7RYp7cWCvQVOdcmUzOQrDuwzXPB59x\nRR/XqCSb45lK5UhlxVLpXWb/p6/lOvQ9MXbIUWA6vuNb8HFl771K5kfmJMwzL1rk\nBfjAPZfv7P3ILm1Jps6/C2HRa794nXVY245/iePlIX9PbefaXmQtryC5OreBbvUy\nBQJsRUCI1PJrgnsEA4n3m77m0YMvPAer340Kpq2PV9KvbHkVpx2pTCd+NK/nDQ2D\nCp0t6Mj0R6WQyL3n8MJqRo5n0SJoQkqLMWBxsciX7MhpzWO6fT+/eTS7Z6SzcUqq\nXA4tqbKfPOemloMptFw+Ns0CAwEAAQ==\n-----END PUBLIC KEY-----\n",
            "rsa_bits": 4096
          },
          "sensitive_attributes": []
        }
      ]
    }
  ],
  "check_results": null
}
